// !$*UTF8*$!
{
	archiveVersion = 1;
	classes = {
	};
	objectVersion = 48;
	objects = {

/* Begin PBXBuildFile section */
		AE5D2CC720215DE6009E960B /* AppDelegate.m in Sources */ = {isa = PBXBuildFile; fileRef = AE5D2CC620215DE6009E960B /* AppDelegate.m */; };
		AE5D2CCA20215DE6009E960B /* ViewController.m in Sources */ = {isa = PBXBuildFile; fileRef = AE5D2CC920215DE6009E960B /* ViewController.m */; };
		AE5D2CCD20215DE6009E960B /* Main.storyboard in Resources */ = {isa = PBXBuildFile; fileRef = AE5D2CCB20215DE6009E960B /* Main.storyboard */; };
		AE5D2CCF20215DE6009E960B /* Assets.xcassets in Resources */ = {isa = PBXBuildFile; fileRef = AE5D2CCE20215DE6009E960B /* Assets.xcassets */; };
		AE5D2CD220215DE6009E960B /* LaunchScreen.storyboard in Resources */ = {isa = PBXBuildFile; fileRef = AE5D2CD020215DE6009E960B /* LaunchScreen.storyboard */; };
		AE5D2CD520215DE6009E960B /* main.m in Sources */ = {isa = PBXBuildFile; fileRef = AE5D2CD420215DE6009E960B /* main.m */; };
		AE5D2CDD20215E07009E960B /* ImagesToVideoTool.m in Sources */ = {isa = PBXBuildFile; fileRef = AE5D2CDC20215E07009E960B /* ImagesToVideoTool.m */; };
		AE805E4220439B160085783E /* TestClass.m in Sources */ = {isa = PBXBuildFile; fileRef = AE805E4120439B160085783E /* TestClass.m */; };
		AE8558AD2026F66700E78A87 /* song.mp3 in Resources */ = {isa = PBXBuildFile; fileRef = AE8558AC2026F66700E78A87 /* song.mp3 */; };
		AE8558B3202829A700E78A87 /* SelectPhotoViewController.m in Sources */ = {isa = PBXBuildFile; fileRef = AE8558B1202829A700E78A87 /* SelectPhotoViewController.m */; };
		AE8558B4202829A700E78A87 /* SelectPhotoViewController.xib in Resources */ = {isa = PBXBuildFile; fileRef = AE8558B2202829A700E78A87 /* SelectPhotoViewController.xib */; };
		AE8558BD20282FFC00E78A87 /* PhotoCell.m in Sources */ = {isa = PBXBuildFile; fileRef = AE8558BB20282FFC00E78A87 /* PhotoCell.m */; };
		AE8558BE20282FFC00E78A87 /* PhotoCell.xib in Resources */ = {isa = PBXBuildFile; fileRef = AE8558BC20282FFC00E78A87 /* PhotoCell.xib */; };
		AE8558D3202872FD00E78A87 /* player_play.png in Resources */ = {isa = PBXBuildFile; fileRef = AE8558C7202872FC00E78A87 /* player_play.png */; };
		AE8558D4202872FD00E78A87 /* LLAVPlayerItem.m in Sources */ = {isa = PBXBuildFile; fileRef = AE8558C8202872FC00E78A87 /* LLAVPlayerItem.m */; };
		AE8558D5202872FD00E78A87 /* LLAVPlayerView.m in Sources */ = {isa = PBXBuildFile; fileRef = AE8558C9202872FC00E78A87 /* LLAVPlayerView.m */; };
		AE8558D6202872FD00E78A87 /* back_white_small.png in Resources */ = {isa = PBXBuildFile; fileRef = AE8558CC202872FC00E78A87 /* back_white_small.png */; };
		AE8558D7202872FD00E78A87 /* player_pause.png in Resources */ = {isa = PBXBuildFile; fileRef = AE8558CD202872FC00E78A87 /* player_pause.png */; };
		AE8558D8202872FD00E78A87 /* UIImage+LLAVPlayer.m in Sources */ = {isa = PBXBuildFile; fileRef = AE8558CE202872FC00E78A87 /* UIImage+LLAVPlayer.m */; };
		AE8558D9202872FD00E78A87 /* LLVideoPlayerViewController.m in Sources */ = {isa = PBXBuildFile; fileRef = AE8558D1202872FC00E78A87 /* LLVideoPlayerViewController.m */; };
		AE91E3DB202AF1CA00DD7200 /* Tool.m in Sources */ = {isa = PBXBuildFile; fileRef = AE91E3DA202AF1CA00DD7200 /* Tool.m */; };
/* End PBXBuildFile section */

/* Begin PBXFileReference section */
		AE5B944E2022DFB500E57CF9 /* util.h */ = {isa = PBXFileReference; lastKnownFileType = sourcecode.c.h; path = util.h; sourceTree = "<group>"; };
		AE5D2CC220215DE6009E960B /* ImageToVideoDemo.app */ = {isa = PBXFileReference; explicitFileType = wrapper.application; includeInIndex = 0; path = ImageToVideoDemo.app; sourceTree = BUILT_PRODUCTS_DIR; };
		AE5D2CC520215DE6009E960B /* AppDelegate.h */ = {isa = PBXFileReference; lastKnownFileType = sourcecode.c.h; path = AppDelegate.h; sourceTree = "<group>"; };
		AE5D2CC620215DE6009E960B /* AppDelegate.m */ = {isa = PBXFileReference; lastKnownFileType = sourcecode.c.objc; path = AppDelegate.m; sourceTree = "<group>"; };
		AE5D2CC820215DE6009E960B /* ViewController.h */ = {isa = PBXFileReference; lastKnownFileType = sourcecode.c.h; path = ViewController.h; sourceTree = "<group>"; };
		AE5D2CC920215DE6009E960B /* ViewController.m */ = {isa = PBXFileReference; lastKnownFileType = sourcecode.c.objc; path = ViewController.m; sourceTree = "<group>"; };
		AE5D2CCC20215DE6009E960B /* Base */ = {isa = PBXFileReference; lastKnownFileType = file.storyboard; name = Base; path = Base.lproj/Main.storyboard; sourceTree = "<group>"; };
		AE5D2CCE20215DE6009E960B /* Assets.xcassets */ = {isa = PBXFileReference; lastKnownFileType = folder.assetcatalog; path = Assets.xcassets; sourceTree = "<group>"; };
		AE5D2CD120215DE6009E960B /* Base */ = {isa = PBXFileReference; lastKnownFileType = file.storyboard; name = Base; path = Base.lproj/LaunchScreen.storyboard; sourceTree = "<group>"; };
		AE5D2CD320215DE6009E960B /* Info.plist */ = {isa = PBXFileReference; lastKnownFileType = text.plist.xml; path = Info.plist; sourceTree = "<group>"; };
		AE5D2CD420215DE6009E960B /* main.m */ = {isa = PBXFileReference; lastKnownFileType = sourcecode.c.objc; path = main.m; sourceTree = "<group>"; };
		AE5D2CDB20215E07009E960B /* ImagesToVideoTool.h */ = {isa = PBXFileReference; fileEncoding = 4; lastKnownFileType = sourcecode.c.h; path = ImagesToVideoTool.h; sourceTree = "<group>"; };
		AE5D2CDC20215E07009E960B /* ImagesToVideoTool.m */ = {isa = PBXFileReference; fileEncoding = 4; lastKnownFileType = sourcecode.c.objc; path = ImagesToVideoTool.m; sourceTree = "<group>"; };
		AE805E4020439B160085783E /* TestClass.h */ = {isa = PBXFileReference; lastKnownFileType = sourcecode.c.h; path = TestClass.h; sourceTree = "<group>"; };
		AE805E4120439B160085783E /* TestClass.m */ = {isa = PBXFileReference; lastKnownFileType = sourcecode.c.objc; path = TestClass.m; sourceTree = "<group>"; };
		AE8558AC2026F66700E78A87 /* song.mp3 */ = {isa = PBXFileReference; lastKnownFileType = audio.mp3; path = song.mp3; sourceTree = "<group>"; };
		AE8558B0202829A700E78A87 /* SelectPhotoViewController.h */ = {isa = PBXFileReference; lastKnownFileType = sourcecode.c.h; path = SelectPhotoViewController.h; sourceTree = "<group>"; };
		AE8558B1202829A700E78A87 /* SelectPhotoViewController.m */ = {isa = PBXFileReference; lastKnownFileType = sourcecode.c.objc; path = SelectPhotoViewController.m; sourceTree = "<group>"; };
		AE8558B2202829A700E78A87 /* SelectPhotoViewController.xib */ = {isa = PBXFileReference; lastKnownFileType = file.xib; path = SelectPhotoViewController.xib; sourceTree = "<group>"; };
		AE8558BA20282FFC00E78A87 /* PhotoCell.h */ = {isa = PBXFileReference; lastKnownFileType = sourcecode.c.h; path = PhotoCell.h; sourceTree = "<group>"; };
		AE8558BB20282FFC00E78A87 /* PhotoCell.m */ = {isa = PBXFileReference; lastKnownFileType = sourcecode.c.objc; path = PhotoCell.m; sourceTree = "<group>"; };
		AE8558BC20282FFC00E78A87 /* PhotoCell.xib */ = {isa = PBXFileReference; lastKnownFileType = file.xib; path = PhotoCell.xib; sourceTree = "<group>"; };
		AE8558C7202872FC00E78A87 /* player_play.png */ = {isa = PBXFileReference; lastKnownFileType = image.png; path = player_play.png; sourceTree = "<group>"; };
		AE8558C8202872FC00E78A87 /* LLAVPlayerItem.m */ = {isa = PBXFileReference; fileEncoding = 4; lastKnownFileType = sourcecode.c.objc; path = LLAVPlayerItem.m; sourceTree = "<group>"; };
		AE8558C9202872FC00E78A87 /* LLAVPlayerView.m */ = {isa = PBXFileReference; fileEncoding = 4; lastKnownFileType = sourcecode.c.objc; path = LLAVPlayerView.m; sourceTree = "<group>"; };
		AE8558CA202872FC00E78A87 /* UIImage+LLAVPlayer.h */ = {isa = PBXFileReference; fileEncoding = 4; lastKnownFileType = sourcecode.c.h; path = "UIImage+LLAVPlayer.h"; sourceTree = "<group>"; };
		AE8558CB202872FC00E78A87 /* LLAVPlayerItem.h */ = {isa = PBXFileReference; fileEncoding = 4; lastKnownFileType = sourcecode.c.h; path = LLAVPlayerItem.h; sourceTree = "<group>"; };
		AE8558CC202872FC00E78A87 /* back_white_small.png */ = {isa = PBXFileReference; lastKnownFileType = image.png; path = back_white_small.png; sourceTree = "<group>"; };
		AE8558CD202872FC00E78A87 /* player_pause.png */ = {isa = PBXFileReference; lastKnownFileType = image.png; path = player_pause.png; sourceTree = "<group>"; };
		AE8558CE202872FC00E78A87 /* UIImage+LLAVPlayer.m */ = {isa = PBXFileReference; fileEncoding = 4; lastKnownFileType = sourcecode.c.objc; path = "UIImage+LLAVPlayer.m"; sourceTree = "<group>"; };
		AE8558CF202872FC00E78A87 /* LLAVPlayerView.h */ = {isa = PBXFileReference; fileEncoding = 4; lastKnownFileType = sourcecode.c.h; path = LLAVPlayerView.h; sourceTree = "<group>"; };
		AE8558D0202872FC00E78A87 /* LLVideoPlayerViewController.h */ = {isa = PBXFileReference; fileEncoding = 4; lastKnownFileType = sourcecode.c.h; path = LLVideoPlayerViewController.h; sourceTree = "<group>"; };
		AE8558D1202872FC00E78A87 /* LLVideoPlayerViewController.m */ = {isa = PBXFileReference; fileEncoding = 4; lastKnownFileType = sourcecode.c.objc; path = LLVideoPlayerViewController.m; sourceTree = "<group>"; };
		AE91E3D9202AF1CA00DD7200 /* Tool.h */ = {isa = PBXFileReference; lastKnownFileType = sourcecode.c.h; path = Tool.h; sourceTree = "<group>"; };
		AE91E3DA202AF1CA00DD7200 /* Tool.m */ = {isa = PBXFileReference; lastKnownFileType = sourcecode.c.objc; path = Tool.m; sourceTree = "<group>"; };
/* End PBXFileReference section */

/* Begin PBXFrameworksBuildPhase section */
		AE5D2CBF20215DE6009E960B /* Frameworks */ = {
			isa = PBXFrameworksBuildPhase;
			buildActionMask = 2147483647;
			files = (
			);
			runOnlyForDeploymentPostprocessing = 0;
		};
/* End PBXFrameworksBuildPhase section */

/* Begin PBXGroup section */
		AE5D2CB920215DE6009E960B = {
			isa = PBXGroup;
			children = (
				AE5D2CC420215DE6009E960B /* ImageToVideoDemo */,
				AE5D2CC320215DE6009E960B /* Products */,
			);
			sourceTree = "<group>";
		};
		AE5D2CC320215DE6009E960B /* Products */ = {
			isa = PBXGroup;
			children = (
				AE5D2CC220215DE6009E960B /* ImageToVideoDemo.app */,
			);
			name = Products;
			sourceTree = "<group>";
		};
		AE5D2CC420215DE6009E960B /* ImageToVideoDemo */ = {
			isa = PBXGroup;
			children = (
				AE8558C4202872FC00E78A87 /* LLVideoPlayer */,
				AE8558AC2026F66700E78A87 /* song.mp3 */,
				AE91E3D9202AF1CA00DD7200 /* Tool.h */,
				AE91E3DA202AF1CA00DD7200 /* Tool.m */,
				AE5B944E2022DFB500E57CF9 /* util.h */,
				AE8558BA20282FFC00E78A87 /* PhotoCell.h */,
				AE8558BB20282FFC00E78A87 /* PhotoCell.m */,
				AE8558BC20282FFC00E78A87 /* PhotoCell.xib */,
				AE5D2CC520215DE6009E960B /* AppDelegate.h */,
				AE5D2CC620215DE6009E960B /* AppDelegate.m */,
				AE5D2CC820215DE6009E960B /* ViewController.h */,
				AE5D2CC920215DE6009E960B /* ViewController.m */,
				AE8558B0202829A700E78A87 /* SelectPhotoViewController.h */,
				AE8558B1202829A700E78A87 /* SelectPhotoViewController.m */,
				AE805E4020439B160085783E /* TestClass.h */,
				AE805E4120439B160085783E /* TestClass.m */,
				AE8558B2202829A700E78A87 /* SelectPhotoViewController.xib */,
				AE5D2CDB20215E07009E960B /* ImagesToVideoTool.h */,
				AE5D2CDC20215E07009E960B /* ImagesToVideoTool.m */,
				AE5D2CCB20215DE6009E960B /* Main.storyboard */,
				AE5D2CCE20215DE6009E960B /* Assets.xcassets */,
				AE5D2CD020215DE6009E960B /* LaunchScreen.storyboard */,
				AE5D2CD320215DE6009E960B /* Info.plist */,
				AE5D2CD420215DE6009E960B /* main.m */,
			);
			path = ImageToVideoDemo;
			sourceTree = "<group>";
		};
		AE8558C4202872FC00E78A87 /* LLVideoPlayer */ = {
			isa = PBXGroup;
			children = (
				AE8558D1202872FC00E78A87 /* LLVideoPlayerViewController.m */,
				AE8558D0202872FC00E78A87 /* LLVideoPlayerViewController.h */,
				AE8558C6202872FC00E78A87 /* LLAVPlayerView */,
			);
			path = LLVideoPlayer;
			sourceTree = "<group>";
		};
		AE8558C6202872FC00E78A87 /* LLAVPlayerView */ = {
			isa = PBXGroup;
			children = (
				AE8558C7202872FC00E78A87 /* player_play.png */,
				AE8558C8202872FC00E78A87 /* LLAVPlayerItem.m */,
				AE8558C9202872FC00E78A87 /* LLAVPlayerView.m */,
				AE8558CA202872FC00E78A87 /* UIImage+LLAVPlayer.h */,
				AE8558CB202872FC00E78A87 /* LLAVPlayerItem.h */,
				AE8558CC202872FC00E78A87 /* back_white_small.png */,
				AE8558CD202872FC00E78A87 /* player_pause.png */,
				AE8558CE202872FC00E78A87 /* UIImage+LLAVPlayer.m */,
				AE8558CF202872FC00E78A87 /* LLAVPlayerView.h */,
			);
			path = LLAVPlayerView;
			sourceTree = "<group>";
		};
/* End PBXGroup section */

/* Begin PBXNativeTarget section */
		AE5D2CC120215DE6009E960B /* ImageToVideoDemo */ = {
			isa = PBXNativeTarget;
			buildConfigurationList = AE5D2CD820215DE6009E960B /* Build configuration list for PBXNativeTarget "ImageToVideoDemo" */;
			buildPhases = (
				AE5D2CBE20215DE6009E960B /* Sources */,
				AE5D2CBF20215DE6009E960B /* Frameworks */,
				AE5D2CC020215DE6009E960B /* Resources */,
			);
			buildRules = (
			);
			dependencies = (
			);
			name = ImageToVideoDemo;
			productName = ImageToVideoDemo;
			productReference = AE5D2CC220215DE6009E960B /* ImageToVideoDemo.app */;
			productType = "com.apple.product-type.application";
		};
/* End PBXNativeTarget section */

/* Begin PBXProject section */
		AE5D2CBA20215DE6009E960B /* Project object */ = {
			isa = PBXProject;
			attributes = {
				LastUpgradeCheck = 0920;
				ORGANIZATIONNAME = "刘哲";
				TargetAttributes = {
					AE5D2CC120215DE6009E960B = {
						CreatedOnToolsVersion = 9.2;
						ProvisioningStyle = Automatic;
					};
				};
			};
			buildConfigurationList = AE5D2CBD20215DE6009E960B /* Build configuration list for PBXProject "ImageToVideoDemo" */;
			compatibilityVersion = "Xcode 8.0";
			developmentRegion = en;
			hasScannedForEncodings = 0;
			knownRegions = (
				en,
				Base,
			);
			mainGroup = AE5D2CB920215DE6009E960B;
			productRefGroup = AE5D2CC320215DE6009E960B /* Products */;
			projectDirPath = "";
			projectRoot = "";
			targets = (
				AE5D2CC120215DE6009E960B /* ImageToVideoDemo */,
			);
		};
/* End PBXProject section */

/* Begin PBXResourcesBuildPhase section */
		AE5D2CC020215DE6009E960B /* Resources */ = {
			isa = PBXResourcesBuildPhase;
			buildActionMask = 2147483647;
			files = (
				AE8558D3202872FD00E78A87 /* player_play.png in Resources */,
				AE8558BE20282FFC00E78A87 /* PhotoCell.xib in Resources */,
				AE5D2CD220215DE6009E960B /* LaunchScreen.storyboard in Resources */,
				AE8558D6202872FD00E78A87 /* back_white_small.png in Resources */,
				AE8558B4202829A700E78A87 /* SelectPhotoViewController.xib in Resources */,
				AE5D2CCF20215DE6009E960B /* Assets.xcassets in Resources */,
				AE8558AD2026F66700E78A87 /* song.mp3 in Resources */,
				AE8558D7202872FD00E78A87 /* player_pause.png in Resources */,
				AE5D2CCD20215DE6009E960B /* Main.storyboard in Resources */,
			);
			runOnlyForDeploymentPostprocessing = 0;
		};
/* End PBXResourcesBuildPhase section */

/* Begin PBXSourcesBuildPhase section */
		AE5D2CBE20215DE6009E960B /* Sources */ = {
			isa = PBXSourcesBuildPhase;
			buildActionMask = 2147483647;
			files = (
				AE805E4220439B160085783E /* TestClass.m in Sources */,
				AE8558BD20282FFC00E78A87 /* PhotoCell.m in Sources */,
				AE8558D9202872FD00E78A87 /* LLVideoPlayerViewController.m in Sources */,
				AE8558B3202829A700E78A87 /* SelectPhotoViewController.m in Sources */,
				AE91E3DB202AF1CA00DD7200 /* Tool.m in Sources */,
				AE5D2CCA20215DE6009E960B /* ViewController.m in Sources */,
				AE5D2CD520215DE6009E960B /* main.m in Sources */,
				AE8558D8202872FD00E78A87 /* UIImage+LLAVPlayer.m in Sources */,
				AE5D2CC720215DE6009E960B /* AppDelegate.m in Sources */,
				AE8558D5202872FD00E78A87 /* LLAVPlayerView.m in Sources */,
				AE8558D4202872FD00E78A87 /* LLAVPlayerItem.m in Sources */,
				AE5D2CDD20215E07009E960B /* ImagesToVideoTool.m in Sources */,
			);
			runOnlyForDeploymentPostprocessing = 0;
		};
/* End PBXSourcesBuildPhase section */

/* Begin PBXVariantGroup section */
		AE5D2CCB20215DE6009E960B /* Main.storyboard */ = {
			isa = PBXVariantGroup;
			children = (
				AE5D2CCC20215DE6009E960B /* Base */,
			);
			name = Main.storyboard;
			sourceTree = "<group>";
		};
		AE5D2CD020215DE6009E960B /* LaunchScreen.storyboard */ = {
			isa = PBXVariantGroup;
			children = (
				AE5D2CD120215DE6009E960B /* Base */,
			);
			name = LaunchScreen.storyboard;
			sourceTree = "<group>";
		};
/* End PBXVariantGroup section */

/* Begin XCBuildConfiguration section */
		AE5D2CD620215DE6009E960B /* Debug */ = {
			isa = XCBuildConfiguration;
			buildSettings = {
				ALWAYS_SEARCH_USER_PATHS = NO;
				CLANG_ANALYZER_NONNULL = YES;
				CLANG_ANALYZER_NUMBER_OBJECT_CONVERSION = YES_AGGRESSIVE;
				CLANG_CXX_LANGUAGE_STANDARD = "gnu++14";
				CLANG_CXX_LIBRARY = "libc++";
				CLANG_ENABLE_MODULES = YES;
				CLANG_ENABLE_OBJC_ARC = YES;
				CLANG_WARN_BLOCK_CAPTURE_AUTORELEASING = YES;
				CLANG_WARN_BOOL_CONVERSION = YES;
				CLANG_WARN_COMMA = YES;
				CLANG_WARN_CONSTANT_CONVERSION = YES;
				CLANG_WARN_DIRECT_OBJC_ISA_USAGE = YES_ERROR;
				CLANG_WARN_DOCUMENTATION_COMMENTS = YES;
				CLANG_WARN_EMPTY_BODY = YES;
				CLANG_WARN_ENUM_CONVERSION = YES;
				CLANG_WARN_INFINITE_RECURSION = YES;
				CLANG_WARN_INT_CONVERSION = YES;
				CLANG_WARN_NON_LITERAL_NULL_CONVERSION = YES;
				CLANG_WARN_OBJC_LITERAL_CONVERSION = YES;
				CLANG_WARN_OBJC_ROOT_CLASS = YES_ERROR;
				CLANG_WARN_RANGE_LOOP_ANALYSIS = YES;
				CLANG_WARN_STRICT_PROTOTYPES = YES;
				CLANG_WARN_SUSPICIOUS_MOVE = YES;
				CLANG_WARN_UNGUARDED_AVAILABILITY = YES_AGGRESSIVE;
				CLANG_WARN_UNREACHABLE_CODE = YES;
				CLANG_WARN__DUPLICATE_METHOD_MATCH = YES;
				CODE_SIGN_IDENTITY = "iPhone Developer";
				COPY_PHASE_STRIP = NO;
				DEBUG_INFORMATION_FORMAT = dwarf;
				ENABLE_STRICT_OBJC_MSGSEND = YES;
				ENABLE_TESTABILITY = YES;
				GCC_C_LANGUAGE_STANDARD = gnu11;
				GCC_DYNAMIC_NO_PIC = NO;
				GCC_NO_COMMON_BLOCKS = YES;
				GCC_OPTIMIZATION_LEVEL = 0;
				GCC_PREPROCESSOR_DEFINITIONS = (
					"DEBUG=1",
					"$(inherited)",
				);
				GCC_WARN_64_TO_32_BIT_CONVERSION = YES;
				GCC_WARN_ABOUT_RETURN_TYPE = YES_ERROR;
				GCC_WARN_UNDECLARED_SELECTOR = YES;
				GCC_WARN_UNINITIALIZED_AUTOS = YES_AGGRESSIVE;
				GCC_WARN_UNUSED_FUNCTION = YES;
				GCC_WARN_UNUSED_VARIABLE = YES;
				IPHONEOS_DEPLOYMENT_TARGET = 11.2;
				MTL_ENABLE_DEBUG_INFO = YES;
				ONLY_ACTIVE_ARCH = YES;
				SDKROOT = iphoneos;
			};
			name = Debug;
		};
		AE5D2CD720215DE6009E960B /* Release */ = {
			isa = XCBuildConfiguration;
			buildSettings = {
				ALWAYS_SEARCH_USER_PATHS = NO;
				CLANG_ANALYZER_NONNULL = YES;
				CLANG_ANALYZER_NUMBER_OBJECT_CONVERSION = YES_AGGRESSIVE;
				CLANG_CXX_LANGUAGE_STANDARD = "gnu++14";
				CLANG_CXX_LIBRARY = "libc++";
				CLANG_ENABLE_MODULES = YES;
				CLANG_ENABLE_OBJC_ARC = YES;
				CLANG_WARN_BLOCK_CAPTURE_AUTORELEASING = YES;
				CLANG_WARN_BOOL_CONVERSION = YES;
				CLANG_WARN_COMMA = YES;
				CLANG_WARN_CONSTANT_CONVERSION = YES;
				CLANG_WARN_DIRECT_OBJC_ISA_USAGE = YES_ERROR;
				CLANG_WARN_DOCUMENTATION_COMMENTS = YES;
				CLANG_WARN_EMPTY_BODY = YES;
				CLANG_WARN_ENUM_CONVERSION = YES;
				CLANG_WARN_INFINITE_RECURSION = YES;
				CLANG_WARN_INT_CONVERSION = YES;
				CLANG_WARN_NON_LITERAL_NULL_CONVERSION = YES;
				CLANG_WARN_OBJC_LITERAL_CONVERSION = YES;
				CLANG_WARN_OBJC_ROOT_CLASS = YES_ERROR;
				CLANG_WARN_RANGE_LOOP_ANALYSIS = YES;
				CLANG_WARN_STRICT_PROTOTYPES = YES;
				CLANG_WARN_SUSPICIOUS_MOVE = YES;
				CLANG_WARN_UNGUARDED_AVAILABILITY = YES_AGGRESSIVE;
				CLANG_WARN_UNREACHABLE_CODE = YES;
				CLANG_WARN__DUPLICATE_METHOD_MATCH = YES;
				CODE_SIGN_IDENTITY = "iPhone Developer";
				COPY_PHASE_STRIP = NO;
				DEBUG_INFORMATION_FORMAT = "dwarf-with-dsym";
				ENABLE_NS_ASSERTIONS = NO;
				ENABLE_STRICT_OBJC_MSGSEND = YES;
				GCC_C_LANGUAGE_STANDARD = gnu11;
				GCC_NO_COMMON_BLOCKS = YES;
				GCC_WARN_64_TO_32_BIT_CONVERSION = YES;
				GCC_WARN_ABOUT_RETURN_TYPE = YES_ERROR;
				GCC_WARN_UNDECLARED_SELECTOR = YES;
				GCC_WARN_UNINITIALIZED_AUTOS = YES_AGGRESSIVE;
				GCC_WARN_UNUSED_FUNCTION = YES;
				GCC_WARN_UNUSED_VARIABLE = YES;
				IPHONEOS_DEPLOYMENT_TARGET = 11.2;
				MTL_ENABLE_DEBUG_INFO = NO;
				SDKROOT = iphoneos;
				VALIDATE_PRODUCT = YES;
			};
			name = Release;
		};
		AE5D2CD920215DE6009E960B /* Debug */ = {
			isa = XCBuildConfiguration;
			buildSettings = {
				ASSETCATALOG_COMPILER_APPICON_NAME = AppIcon;
				CODE_SIGN_STYLE = Automatic;
				DEBUG_INFORMATION_FORMAT = "dwarf-with-dsym";
				DEVELOPMENT_TEAM = UHAV656JUH;
				INFOPLIST_FILE = ImageToVideoDemo/Info.plist;
				IPHONEOS_DEPLOYMENT_TARGET = 10.0;
				LD_RUNPATH_SEARCH_PATHS = "$(inherited) @executable_path/Frameworks";
				PRODUCT_BUNDLE_IDENTIFIER = com.test.testBundleId.ImageToVideo;
				PRODUCT_NAME = "$(TARGET_NAME)";
				TARGETED_DEVICE_FAMILY = "1,2";
			};
			name = Debug;
		};
		AE5D2CDA20215DE6009E960B /* Release */ = {
			isa = XCBuildConfiguration;
			buildSettings = {
				ASSETCATALOG_COMPILER_APPICON_NAME = AppIcon;
				CODE_SIGN_STYLE = Automatic;
				DEVELOPMENT_TEAM = UHAV656JUH;
				INFOPLIST_FILE = ImageToVideoDemo/Info.plist;
				IPHONEOS_DEPLOYMENT_TARGET = 10.0;
				LD_RUNPATH_SEARCH_PATHS = "$(inherited) @executable_path/Frameworks";
				PRODUCT_BUNDLE_IDENTIFIER = com.test.testBundleId.ImageToVideo;
				PRODUCT_NAME = "$(TARGET_NAME)";
				TARGETED_DEVICE_FAMILY = "1,2";
			};
			name = Release;
		};
/* End XCBuildConfiguration section */

/* Begin XCConfigurationList section */
		AE5D2CBD20215DE6009E960B /* Build configuration list for PBXProject "ImageToVideoDemo" */ = {
			isa = XCConfigurationList;
			buildConfigurations = (
				AE5D2CD620215DE6009E960B /* Debug */,
				AE5D2CD720215DE6009E960B /* Release */,
			);
			defaultConfigurationIsVisible = 0;
			defaultConfigurationName = Release;
		};
		AE5D2CD820215DE6009E960B /* Build configuration list for PBXNativeTarget "ImageToVideoDemo" */ = {
			isa = XCConfigurationList;
			buildConfigurations = (
				AE5D2CD920215DE6009E960B /* Debug */,
				AE5D2CDA20215DE6009E960B /* Release */,
			);
			defaultConfigurationIsVisible = 0;
			defaultConfigurationName = Release;
		};
/* End XCConfigurationList section */
	};
	rootObject = AE5D2CBA20215DE6009E960B /* Project object */;
}
